
Microsoft Visual Studio Solution File, Format Version 12.00
# Visual Studio 2013
VisualStudioVersion = 12.0.20827.3
MinimumVisualStudioVersion = 10.0.40219.1
Project("{FAE04EC0-301F-11D3-BF4B-00C04F79EFBC}") = "itsabyrdservices", "itsabyrdservices\itsabyrdservices.csproj", "{1CDFCA7F-0F45-4714-AE27-F666EB545666}"
EndProject
Project("{FAE04EC0-301F-11D3-BF4B-00C04F79EFBC}") = "itsabyrdservices.Tests", "itsabyrdservices.Tests\itsabyrdservices.Tests.csproj", "{833E7851-A0BC-4124-BCD4-DBD9F0289C42}"
EndProject
Global
	GlobalSection(SolutionConfigurationPlatforms) = preSolution
		Debug|Any CPU = Debug|Any CPU
		Release|Any CPU = Release|Any CPU
	EndGlobalSection
	GlobalSection(ProjectConfigurationPlatforms) = postSolution
		{1CDFCA7F-0F45-4714-AE27-F666EB545666}.Debug|Any CPU.ActiveCfg = Debug|Any CPU
		{1CDFCA7F-0F45-4714-AE27-F666EB545666}.Debug|Any CPU.Build.0 = Debug|Any CPU
		{1CDFCA7F-0F45-4714-AE27-F666EB545666}.Release|Any CPU.ActiveCfg = Release|Any CPU
		{1CDFCA7F-0F45-4714-AE27-F666EB545666}.Release|Any CPU.Build.0 = Release|Any CPU
		{833E7851-A0BC-4124-BCD4-DBD9F0289C42}.Debug|Any CPU.ActiveCfg = Debug|Any CPU
		{833E7851-A0BC-4124-BCD4-DBD9F0289C42}.Debug|Any CPU.Build.0 = Debug|Any CPU
		{833E7851-A0BC-4124-BCD4-DBD9F0289C42}.Release|Any CPU.ActiveCfg = Release|Any CPU
		{833E7851-A0BC-4124-BCD4-DBD9F0289C42}.Release|Any CPU.Build.0 = Release|Any CPU
	EndGlobalSection
	GlobalSection(SolutionProperties) = preSolution
		HideSolutionNode = FALSE
	EndGlobalSection
EndGlobal
